
Microsoft Visual Studio Solution File, Format Version 12.00
# Visual Studio Version 18
VisualStudioVersion = 18.6.11828.311 oobstable
MinimumVisualStudioVersion = 10.0.40219.1
Project("{FAE04EC0-301F-11D3-BF4B-00C04F79EFBC}") = "DynamicDumpDec", "DynamicDumpDec.csproj", "{F8A4C08A-9E7B-4053-F6FA-1C86288CD507}"
EndProject
Global
	GlobalSection(SolutionConfigurationPlatforms) = preSolution
		Debug|Any CPU = Debug|Any CPU
		Release|Any CPU = Release|Any CPU
	EndGlobalSection
	GlobalSection(ProjectConfigurationPlatforms) = postSolution
		{F8A4C08A-9E7B-4053-F6FA-1C86288CD507}.Debug|Any CPU.ActiveCfg = Debug|Any CPU
		{F8A4C08A-9E7B-4053-F6FA-1C86288CD507}.Debug|Any CPU.Build.0 = Debug|Any CPU
		{F8A4C08A-9E7B-4053-F6FA-1C86288CD507}.Release|Any CPU.ActiveCfg = Release|Any CPU
		{F8A4C08A-9E7B-4053-F6FA-1C86288CD507}.Release|Any CPU.Build.0 = Release|Any CPU
	EndGlobalSection
	GlobalSection(SolutionProperties) = preSolution
		HideSolutionNode = FALSE
	EndGlobalSection
	GlobalSection(ExtensibilityGlobals) = postSolution
		SolutionGuid = {F8BDDB25-4DD4-4FB6-BB7B-C4DEC11D9CB7}
	EndGlobalSection
EndGlobal
